Microsoft Visual Studio Solution File, Format Version 12.00
# Visual Studio 2012
Project("{FAE04EC0-301F-11D3-BF4B-00C04F79EFBC}") = "Backrooms", "Backrooms.csproj", "{BBFB44A9-871A-4014-8984-97DE05B7E260}"
EndProject
Global
	GlobalSection(SolutionConfigurationPlatforms) = preSolution
	Debug|Any CPU = Debug|Any CPU
	ExportDebug|Any CPU = ExportDebug|Any CPU
	ExportRelease|Any CPU = ExportRelease|Any CPU
	EndGlobalSection
	GlobalSection(ProjectConfigurationPlatforms) = postSolution
		{BBFB44A9-871A-4014-8984-97DE05B7E260}.Debug|Any CPU.ActiveCfg = Debug|Any CPU
		{BBFB44A9-871A-4014-8984-97DE05B7E260}.Debug|Any CPU.Build.0 = Debug|Any CPU
		{BBFB44A9-871A-4014-8984-97DE05B7E260}.ExportDebug|Any CPU.ActiveCfg = ExportDebug|Any CPU
		{BBFB44A9-871A-4014-8984-97DE05B7E260}.ExportDebug|Any CPU.Build.0 = ExportDebug|Any CPU
		{BBFB44A9-871A-4014-8984-97DE05B7E260}.ExportRelease|Any CPU.ActiveCfg = ExportRelease|Any CPU
		{BBFB44A9-871A-4014-8984-97DE05B7E260}.ExportRelease|Any CPU.Build.0 = ExportRelease|Any CPU
	EndGlobalSection
EndGlobal
